
Microsoft Visual Studio Solution File, Format Version 12.00
# Visual Studio Version 17
VisualStudioVersion = 17.0.31903.59
MinimumVisualStudioVersion = 10.0.40219.1
Project("{2150E333-8FDC-42A3-9474-1A3956D46DE8}") = "src", "src", "{E62E181F-C6A0-45FD-A219-CFE0A8A33B06}"
EndProject
Project("{FAE04EC0-301F-11D3-BF4B-00C04F79EFBC}") = "A01", "src\A01\A01.csproj", "{9F1632EF-6920-481E-B12C-B41F42361C5C}"
EndProject
Project("{FAE04EC0-301F-11D3-BF4B-00C04F79EFBC}") = "A03", "src\A03\A03.csproj", "{31569E30-2285-4745-8D95-217C2AD508AC}"
EndProject
Project("{FAE04EC0-301F-11D3-BF4B-00C04F79EFBC}") = "A04", "src\A04\A04.csproj", "{D7D201D1-8DC3-48F7-8B02-EAA24776BADA}"
EndProject
Project("{FAE04EC0-301F-11D3-BF4B-00C04F79EFBC}") = "A05", "src\A05\A05.csproj", "{41D64B2C-63E6-4E50-BE09-773C1CE2A279}"
EndProject
Project("{FAE04EC0-301F-11D3-BF4B-00C04F79EFBC}") = "A08", "src\A08\A08.csproj", "{3CE89BDD-6CDA-4D45-959E-33AEA4DADC3C}"
EndProject
Project("{2150E333-8FDC-42A3-9474-1A3956D46DE8}") = "data", "data", "{554919E5-47C0-45E6-8002-766C70B33930}"
	ProjectSection(SolutionItems) = preProject
		data\A20.test.txt = data\A20.test.txt
	EndProjectSection
EndProject
Project("{2150E333-8FDC-42A3-9474-1A3956D46DE8}") = "A08", "A08", "{8DF30024-8E54-47B7-892C-46F35B2659AA}"
	ProjectSection(SolutionItems) = preProject
		data\A08\A08.test.txt = data\A08\A08.test.txt
		data\A08\A08.test-1.txt = data\A08\A08.test-1.txt
		data\A08\A08.test-2.txt = data\A08\A08.test-2.txt
		data\A08\A08.test-3.txt = data\A08\A08.test-3.txt
		data\A08\A08.1.txt = data\A08\A08.1.txt
		data\A08\A08.test-4.txt = data\A08\A08.test-4.txt
	EndProjectSection
EndProject
Project("{FAE04EC0-301F-11D3-BF4B-00C04F79EFBC}") = "A06", "src\A06\A06.csproj", "{CECC6A39-D05F-46CF-84F3-A5BE64A18415}"
EndProject
Project("{FAE04EC0-301F-11D3-BF4B-00C04F79EFBC}") = "A07", "src\A07\A07.csproj", "{28339704-F473-401B-B14E-7B26994FACA6}"
EndProject
Project("{FAE04EC0-301F-11D3-BF4B-00C04F79EFBC}") = "Common", "src\Common\Common.csproj", "{72C6B6AC-9B77-4258-ABF7-CA2C8D6C119B}"
EndProject
Project("{2150E333-8FDC-42A3-9474-1A3956D46DE8}") = "test", "test", "{8EC8ACC7-C3F6-4AD3-ABBD-5346B2CE6FD0}"
EndProject
Project("{FAE04EC0-301F-11D3-BF4B-00C04F79EFBC}") = "A08.Test", "test\A08.Test\A08.Test.csproj", "{BF372FED-DDBF-448D-AC12-F6D5A0BBA9EF}"
EndProject
Project("{FAE04EC0-301F-11D3-BF4B-00C04F79EFBC}") = "A09", "src\A09\A09.csproj", "{81747D78-5DF8-4F32-B9DB-F80136C18B71}"
EndProject
Project("{2150E333-8FDC-42A3-9474-1A3956D46DE8}") = "A09", "A09", "{BBF41223-A3B8-4DA1-B596-2FC6D9B6B27E}"
	ProjectSection(SolutionItems) = preProject
		data\A09.test-0.txt = data\A09.test-0.txt
		data\A09.data.txt = data\A09.data.txt
	EndProjectSection
EndProject
Project("{FAE04EC0-301F-11D3-BF4B-00C04F79EFBC}") = "A10", "src\A10\A10.csproj", "{8992EBC0-C39D-4DF9-AA48-3ADC345EAA1A}"
EndProject
Project("{2150E333-8FDC-42A3-9474-1A3956D46DE8}") = "A10", "A10", "{70DBFF21-BE99-41BF-8BE7-9965638671BD}"
	ProjectSection(SolutionItems) = preProject
		data\A10.test-1.txt = data\A10.test-1.txt
		data\A10.test-2.txt = data\A10.test-2.txt
		data\A10.data.txt = data\A10.data.txt
		data\A10.test-0.txt = data\A10.test-0.txt
		data\A11.data.txt = data\A11.data.txt
		data\A13.test.txt = data\A13.test.txt
		data\A13.test-2.txt = data\A13.test-2.txt
	EndProjectSection
EndProject
Project("{FAE04EC0-301F-11D3-BF4B-00C04F79EFBC}") = "A10.Test", "test\A10.Test\A10.Test.csproj", "{6A474261-0D66-41BA-B5A8-9C32BAB178E6}"
EndProject
Project("{FAE04EC0-301F-11D3-BF4B-00C04F79EFBC}") = "A11", "src\A11\A11.csproj", "{B14C1F55-03F5-4F5E-93AF-692DFB212BBD}"
EndProject
Project("{FAE04EC0-301F-11D3-BF4B-00C04F79EFBC}") = "A11.Test", "test\A11.Test\A11.Test.csproj", "{9DC6D1A2-ABDB-4527-93E2-2CB5E4AC203A}"
EndProject
Project("{FAE04EC0-301F-11D3-BF4B-00C04F79EFBC}") = "A12", "src\A12\A12.csproj", "{D0477EFA-E9F4-4476-AFB6-75B83360BF6B}"
EndProject
Project("{FAE04EC0-301F-11D3-BF4B-00C04F79EFBC}") = "A12.Test", "test\A12.Test\A12.Test.csproj", "{6B7E8EEF-D204-4670-87EC-CD99CF86E89A}"
EndProject
Project("{2150E333-8FDC-42A3-9474-1A3956D46DE8}") = "A12", "A12", "{854693E9-DB22-4040-9CDD-40673F7CF2B4}"
	ProjectSection(SolutionItems) = preProject
		data\A12.data.txt = data\A12.data.txt
	EndProjectSection
EndProject
Project("{FAE04EC0-301F-11D3-BF4B-00C04F79EFBC}") = "A13", "src\A13\A13.csproj", "{49963D5E-E7D1-474E-A00C-4F4F4A1EAE16}"
EndProject
Project("{FAE04EC0-301F-11D3-BF4B-00C04F79EFBC}") = "A14", "src\A14\A14.csproj", "{FF52E5DD-E78D-4052-B1FF-B15F0A4C584B}"
EndProject
Project("{2150E333-8FDC-42A3-9474-1A3956D46DE8}") = "A14", "A14", "{6CB416B2-85E6-45D1-82BE-205D5272F1C6}"
	ProjectSection(SolutionItems) = preProject
		data\A14.test.txt = data\A14.test.txt
		data\A14.test-1.txt = data\A14.test-1.txt
	EndProjectSection
EndProject
Project("{FAE04EC0-301F-11D3-BF4B-00C04F79EFBC}") = "A15", "src\A15\A15.csproj", "{C2A90AAD-EEF9-4B16-8567-5EDF956F83E3}"
EndProject
Project("{FAE04EC0-301F-11D3-BF4B-00C04F79EFBC}") = "A15.Test", "test\A15.Test\A15.Test.csproj", "{90054161-DCD1-49D4-82E5-94EAD1C0E8F3}"
EndProject
Project("{FAE04EC0-301F-11D3-BF4B-00C04F79EFBC}") = "A16", "src\A16\A16.csproj", "{76A39795-A19E-473F-AEE8-599759397625}"
EndProject
Project("{FAE04EC0-301F-11D3-BF4B-00C04F79EFBC}") = "A16.Test", "test\A16.Test\A16.Test.csproj", "{F7160E62-C74E-47EA-BED3-06F2523362FC}"
EndProject
Project("{2150E333-8FDC-42A3-9474-1A3956D46DE8}") = "A16", "A16", "{B987E79B-85F8-4317-86FC-853AD3B35E40}"
	ProjectSection(SolutionItems) = preProject
		data\A16.data.txt = data\A16.data.txt
	EndProjectSection
EndProject
Project("{FAE04EC0-301F-11D3-BF4B-00C04F79EFBC}") = "A17", "src\A17\A17.csproj", "{0A473D0C-3328-42A0-9187-CC5DD1140E7D}"
EndProject
Project("{2150E333-8FDC-42A3-9474-1A3956D46DE8}") = "A17", "A17", "{B1138943-E367-43FA-AC91-4BDD38F91C1F}"
	ProjectSection(SolutionItems) = preProject
		data\A17.data.txt = data\A17.data.txt
		data\A17.test.txt = data\A17.test.txt
	EndProjectSection
EndProject
Project("{FAE04EC0-301F-11D3-BF4B-00C04F79EFBC}") = "A17.Test", "test\A17.Test\A17.Test.csproj", "{9865E9B8-C73A-45C5-A949-CA1600118F32}"
EndProject
Project("{FAE04EC0-301F-11D3-BF4B-00C04F79EFBC}") = "A18", "src\A18\A18.csproj", "{3E3ADB19-B6D3-4D6B-83BB-9AA47CC598D5}"
EndProject
Project("{2150E333-8FDC-42A3-9474-1A3956D46DE8}") = "A18", "A18", "{44724D01-F0EF-4DA3-93E4-2E7EEFC9F380}"
	ProjectSection(SolutionItems) = preProject
		data\A18.data.txt = data\A18.data.txt
		data\A18.test.txt = data\A18.test.txt
	EndProjectSection
EndProject
Project("{FAE04EC0-301F-11D3-BF4B-00C04F79EFBC}") = "A19", "src\A19\A19.csproj", "{EB595794-F2DB-4647-AB63-7ADA3455BD9A}"
EndProject
Project("{FAE04EC0-301F-11D3-BF4B-00C04F79EFBC}") = "A19.Test", "test\A19.Test\A19.Test.csproj", "{4B601965-44DC-424F-8CD6-D90982A33A19}"
EndProject
Project("{2150E333-8FDC-42A3-9474-1A3956D46DE8}") = "A19", "A19", "{F0CF9980-A586-413E-9861-02E3175DDA98}"
	ProjectSection(SolutionItems) = preProject
		data\A19.data.txt = data\A19.data.txt
		data\A20.data.txt = data\A20.data.txt
	EndProjectSection
EndProject
Project("{FAE04EC0-301F-11D3-BF4B-00C04F79EFBC}") = "A20", "src\A20\A20.csproj", "{D9B5C8BA-F2F5-471B-9F1D-14E3D77913C3}"
EndProject
Global
	GlobalSection(SolutionConfigurationPlatforms) = preSolution
		Debug|Any CPU = Debug|Any CPU
		Release|Any CPU = Release|Any CPU
	EndGlobalSection
	GlobalSection(SolutionProperties) = preSolution
		HideSolutionNode = FALSE
	EndGlobalSection
	GlobalSection(ProjectConfigurationPlatforms) = postSolution
		{9F1632EF-6920-481E-B12C-B41F42361C5C}.Debug|Any CPU.ActiveCfg = Debug|Any CPU
		{9F1632EF-6920-481E-B12C-B41F42361C5C}.Debug|Any CPU.Build.0 = Debug|Any CPU
		{9F1632EF-6920-481E-B12C-B41F42361C5C}.Release|Any CPU.ActiveCfg = Release|Any CPU
		{9F1632EF-6920-481E-B12C-B41F42361C5C}.Release|Any CPU.Build.0 = Release|Any CPU
		{31569E30-2285-4745-8D95-217C2AD508AC}.Debug|Any CPU.ActiveCfg = Debug|Any CPU
		{31569E30-2285-4745-8D95-217C2AD508AC}.Debug|Any CPU.Build.0 = Debug|Any CPU
		{31569E30-2285-4745-8D95-217C2AD508AC}.Release|Any CPU.ActiveCfg = Release|Any CPU
		{31569E30-2285-4745-8D95-217C2AD508AC}.Release|Any CPU.Build.0 = Release|Any CPU
		{D7D201D1-8DC3-48F7-8B02-EAA24776BADA}.Debug|Any CPU.ActiveCfg = Debug|Any CPU
		{D7D201D1-8DC3-48F7-8B02-EAA24776BADA}.Debug|Any CPU.Build.0 = Debug|Any CPU
		{D7D201D1-8DC3-48F7-8B02-EAA24776BADA}.Release|Any CPU.ActiveCfg = Release|Any CPU
		{D7D201D1-8DC3-48F7-8B02-EAA24776BADA}.Release|Any CPU.Build.0 = Release|Any CPU
		{41D64B2C-63E6-4E50-BE09-773C1CE2A279}.Debug|Any CPU.ActiveCfg = Debug|Any CPU
		{41D64B2C-63E6-4E50-BE09-773C1CE2A279}.Debug|Any CPU.Build.0 = Debug|Any CPU
		{41D64B2C-63E6-4E50-BE09-773C1CE2A279}.Release|Any CPU.ActiveCfg = Release|Any CPU
		{41D64B2C-63E6-4E50-BE09-773C1CE2A279}.Release|Any CPU.Build.0 = Release|Any CPU
		{3CE89BDD-6CDA-4D45-959E-33AEA4DADC3C}.Debug|Any CPU.ActiveCfg = Debug|Any CPU
		{3CE89BDD-6CDA-4D45-959E-33AEA4DADC3C}.Debug|Any CPU.Build.0 = Debug|Any CPU
		{3CE89BDD-6CDA-4D45-959E-33AEA4DADC3C}.Release|Any CPU.ActiveCfg = Release|Any CPU
		{3CE89BDD-6CDA-4D45-959E-33AEA4DADC3C}.Release|Any CPU.Build.0 = Release|Any CPU
		{CECC6A39-D05F-46CF-84F3-A5BE64A18415}.Debug|Any CPU.ActiveCfg = Debug|Any CPU
		{CECC6A39-D05F-46CF-84F3-A5BE64A18415}.Debug|Any CPU.Build.0 = Debug|Any CPU
		{CECC6A39-D05F-46CF-84F3-A5BE64A18415}.Release|Any CPU.ActiveCfg = Release|Any CPU
		{CECC6A39-D05F-46CF-84F3-A5BE64A18415}.Release|Any CPU.Build.0 = Release|Any CPU
		{28339704-F473-401B-B14E-7B26994FACA6}.Debug|Any CPU.ActiveCfg = Debug|Any CPU
		{28339704-F473-401B-B14E-7B26994FACA6}.Debug|Any CPU.Build.0 = Debug|Any CPU
		{28339704-F473-401B-B14E-7B26994FACA6}.Release|Any CPU.ActiveCfg = Release|Any CPU
		{28339704-F473-401B-B14E-7B26994FACA6}.Release|Any CPU.Build.0 = Release|Any CPU
		{72C6B6AC-9B77-4258-ABF7-CA2C8D6C119B}.Debug|Any CPU.ActiveCfg = Debug|Any CPU
		{72C6B6AC-9B77-4258-ABF7-CA2C8D6C119B}.Debug|Any CPU.Build.0 = Debug|Any CPU
		{72C6B6AC-9B77-4258-ABF7-CA2C8D6C119B}.Release|Any CPU.ActiveCfg = Release|Any CPU
		{72C6B6AC-9B77-4258-ABF7-CA2C8D6C119B}.Release|Any CPU.Build.0 = Release|Any CPU
		{BF372FED-DDBF-448D-AC12-F6D5A0BBA9EF}.Debug|Any CPU.ActiveCfg = Debug|Any CPU
		{BF372FED-DDBF-448D-AC12-F6D5A0BBA9EF}.Debug|Any CPU.Build.0 = Debug|Any CPU
		{BF372FED-DDBF-448D-AC12-F6D5A0BBA9EF}.Release|Any CPU.ActiveCfg = Release|Any CPU
		{BF372FED-DDBF-448D-AC12-F6D5A0BBA9EF}.Release|Any CPU.Build.0 = Release|Any CPU
		{81747D78-5DF8-4F32-B9DB-F80136C18B71}.Debug|Any CPU.ActiveCfg = Debug|Any CPU
		{81747D78-5DF8-4F32-B9DB-F80136C18B71}.Debug|Any CPU.Build.0 = Debug|Any CPU
		{81747D78-5DF8-4F32-B9DB-F80136C18B71}.Release|Any CPU.ActiveCfg = Release|Any CPU
		{81747D78-5DF8-4F32-B9DB-F80136C18B71}.Release|Any CPU.Build.0 = Release|Any CPU
		{8992EBC0-C39D-4DF9-AA48-3ADC345EAA1A}.Debug|Any CPU.ActiveCfg = Debug|Any CPU
		{8992EBC0-C39D-4DF9-AA48-3ADC345EAA1A}.Debug|Any CPU.Build.0 = Debug|Any CPU
		{8992EBC0-C39D-4DF9-AA48-3ADC345EAA1A}.Release|Any CPU.ActiveCfg = Release|Any CPU
		{8992EBC0-C39D-4DF9-AA48-3ADC345EAA1A}.Release|Any CPU.Build.0 = Release|Any CPU
		{6A474261-0D66-41BA-B5A8-9C32BAB178E6}.Debug|Any CPU.ActiveCfg = Debug|Any CPU
		{6A474261-0D66-41BA-B5A8-9C32BAB178E6}.Debug|Any CPU.Build.0 = Debug|Any CPU
		{6A474261-0D66-41BA-B5A8-9C32BAB178E6}.Release|Any CPU.ActiveCfg = Release|Any CPU
		{6A474261-0D66-41BA-B5A8-9C32BAB178E6}.Release|Any CPU.Build.0 = Release|Any CPU
		{B14C1F55-03F5-4F5E-93AF-692DFB212BBD}.Debug|Any CPU.ActiveCfg = Debug|Any CPU
		{B14C1F55-03F5-4F5E-93AF-692DFB212BBD}.Debug|Any CPU.Build.0 = Debug|Any CPU
		{B14C1F55-03F5-4F5E-93AF-692DFB212BBD}.Release|Any CPU.ActiveCfg = Release|Any CPU
		{B14C1F55-03F5-4F5E-93AF-692DFB212BBD}.Release|Any CPU.Build.0 = Release|Any CPU
		{9DC6D1A2-ABDB-4527-93E2-2CB5E4AC203A}.Debug|Any CPU.ActiveCfg = Debug|Any CPU
		{9DC6D1A2-ABDB-4527-93E2-2CB5E4AC203A}.Debug|Any CPU.Build.0 = Debug|Any CPU
		{9DC6D1A2-ABDB-4527-93E2-2CB5E4AC203A}.Release|Any CPU.ActiveCfg = Release|Any CPU
		{9DC6D1A2-ABDB-4527-93E2-2CB5E4AC203A}.Release|Any CPU.Build.0 = Release|Any CPU
		{D0477EFA-E9F4-4476-AFB6-75B83360BF6B}.Debug|Any CPU.ActiveCfg = Debug|Any CPU
		{D0477EFA-E9F4-4476-AFB6-75B83360BF6B}.Debug|Any CPU.Build.0 = Debug|Any CPU
		{D0477EFA-E9F4-4476-AFB6-75B83360BF6B}.Release|Any CPU.ActiveCfg = Release|Any CPU
		{D0477EFA-E9F4-4476-AFB6-75B83360BF6B}.Release|Any CPU.Build.0 = Release|Any CPU
		{6B7E8EEF-D204-4670-87EC-CD99CF86E89A}.Debug|Any CPU.ActiveCfg = Debug|Any CPU
		{6B7E8EEF-D204-4670-87EC-CD99CF86E89A}.Debug|Any CPU.Build.0 = Debug|Any CPU
		{6B7E8EEF-D204-4670-87EC-CD99CF86E89A}.Release|Any CPU.ActiveCfg = Release|Any CPU
		{6B7E8EEF-D204-4670-87EC-CD99CF86E89A}.Release|Any CPU.Build.0 = Release|Any CPU
		{49963D5E-E7D1-474E-A00C-4F4F4A1EAE16}.Debug|Any CPU.ActiveCfg = Debug|Any CPU
		{49963D5E-E7D1-474E-A00C-4F4F4A1EAE16}.Debug|Any CPU.Build.0 = Debug|Any CPU
		{49963D5E-E7D1-474E-A00C-4F4F4A1EAE16}.Release|Any CPU.ActiveCfg = Release|Any CPU
		{49963D5E-E7D1-474E-A00C-4F4F4A1EAE16}.Release|Any CPU.Build.0 = Release|Any CPU
		{FF52E5DD-E78D-4052-B1FF-B15F0A4C584B}.Debug|Any CPU.ActiveCfg = Debug|Any CPU
		{FF52E5DD-E78D-4052-B1FF-B15F0A4C584B}.Debug|Any CPU.Build.0 = Debug|Any CPU
		{FF52E5DD-E78D-4052-B1FF-B15F0A4C584B}.Release|Any CPU.ActiveCfg = Release|Any CPU
		{FF52E5DD-E78D-4052-B1FF-B15F0A4C584B}.Release|Any CPU.Build.0 = Release|Any CPU
		{C2A90AAD-EEF9-4B16-8567-5EDF956F83E3}.Debug|Any CPU.ActiveCfg = Debug|Any CPU
		{C2A90AAD-EEF9-4B16-8567-5EDF956F83E3}.Debug|Any CPU.Build.0 = Debug|Any CPU
		{C2A90AAD-EEF9-4B16-8567-5EDF956F83E3}.Release|Any CPU.ActiveCfg = Release|Any CPU
		{C2A90AAD-EEF9-4B16-8567-5EDF956F83E3}.Release|Any CPU.Build.0 = Release|Any CPU
		{90054161-DCD1-49D4-82E5-94EAD1C0E8F3}.Debug|Any CPU.ActiveCfg = Debug|Any CPU
		{90054161-DCD1-49D4-82E5-94EAD1C0E8F3}.Debug|Any CPU.Build.0 = Debug|Any CPU
		{90054161-DCD1-49D4-82E5-94EAD1C0E8F3}.Release|Any CPU.ActiveCfg = Release|Any CPU
		{90054161-DCD1-49D4-82E5-94EAD1C0E8F3}.Release|Any CPU.Build.0 = Release|Any CPU
		{76A39795-A19E-473F-AEE8-599759397625}.Debug|Any CPU.ActiveCfg = Debug|Any CPU
		{76A39795-A19E-473F-AEE8-599759397625}.Debug|Any CPU.Build.0 = Debug|Any CPU
		{76A39795-A19E-473F-AEE8-599759397625}.Release|Any CPU.ActiveCfg = Release|Any CPU
		{76A39795-A19E-473F-AEE8-599759397625}.Release|Any CPU.Build.0 = Release|Any CPU
		{F7160E62-C74E-47EA-BED3-06F2523362FC}.Debug|Any CPU.ActiveCfg = Debug|Any CPU
		{F7160E62-C74E-47EA-BED3-06F2523362FC}.Debug|Any CPU.Build.0 = Debug|Any CPU
		{F7160E62-C74E-47EA-BED3-06F2523362FC}.Release|Any CPU.ActiveCfg = Release|Any CPU
		{F7160E62-C74E-47EA-BED3-06F2523362FC}.Release|Any CPU.Build.0 = Release|Any CPU
		{0A473D0C-3328-42A0-9187-CC5DD1140E7D}.Debug|Any CPU.ActiveCfg = Debug|Any CPU
		{0A473D0C-3328-42A0-9187-CC5DD1140E7D}.Debug|Any CPU.Build.0 = Debug|Any CPU
		{0A473D0C-3328-42A0-9187-CC5DD1140E7D}.Release|Any CPU.ActiveCfg = Release|Any CPU
		{0A473D0C-3328-42A0-9187-CC5DD1140E7D}.Release|Any CPU.Build.0 = Release|Any CPU
		{9865E9B8-C73A-45C5-A949-CA1600118F32}.Debug|Any CPU.ActiveCfg = Debug|Any CPU
		{9865E9B8-C73A-45C5-A949-CA1600118F32}.Debug|Any CPU.Build.0 = Debug|Any CPU
		{9865E9B8-C73A-45C5-A949-CA1600118F32}.Release|Any CPU.ActiveCfg = Release|Any CPU
		{9865E9B8-C73A-45C5-A949-CA1600118F32}.Release|Any CPU.Build.0 = Release|Any CPU
		{3E3ADB19-B6D3-4D6B-83BB-9AA47CC598D5}.Debug|Any CPU.ActiveCfg = Debug|Any CPU
		{3E3ADB19-B6D3-4D6B-83BB-9AA47CC598D5}.Debug|Any CPU.Build.0 = Debug|Any CPU
		{3E3ADB19-B6D3-4D6B-83BB-9AA47CC598D5}.Release|Any CPU.ActiveCfg = Release|Any CPU
		{3E3ADB19-B6D3-4D6B-83BB-9AA47CC598D5}.Release|Any CPU.Build.0 = Release|Any CPU
		{EB595794-F2DB-4647-AB63-7ADA3455BD9A}.Debug|Any CPU.ActiveCfg = Debug|Any CPU
		{EB595794-F2DB-4647-AB63-7ADA3455BD9A}.Debug|Any CPU.Build.0 = Debug|Any CPU
		{EB595794-F2DB-4647-AB63-7ADA3455BD9A}.Release|Any CPU.ActiveCfg = Release|Any CPU
		{EB595794-F2DB-4647-AB63-7ADA3455BD9A}.Release|Any CPU.Build.0 = Release|Any CPU
		{4B601965-44DC-424F-8CD6-D90982A33A19}.Debug|Any CPU.ActiveCfg = Debug|Any CPU
		{4B601965-44DC-424F-8CD6-D90982A33A19}.Debug|Any CPU.Build.0 = Debug|Any CPU
		{4B601965-44DC-424F-8CD6-D90982A33A19}.Release|Any CPU.ActiveCfg = Release|Any CPU
		{4B601965-44DC-424F-8CD6-D90982A33A19}.Release|Any CPU.Build.0 = Release|Any CPU
		{D9B5C8BA-F2F5-471B-9F1D-14E3D77913C3}.Debug|Any CPU.ActiveCfg = Debug|Any CPU
		{D9B5C8BA-F2F5-471B-9F1D-14E3D77913C3}.Debug|Any CPU.Build.0 = Debug|Any CPU
		{D9B5C8BA-F2F5-471B-9F1D-14E3D77913C3}.Release|Any CPU.ActiveCfg = Release|Any CPU
		{D9B5C8BA-F2F5-471B-9F1D-14E3D77913C3}.Release|Any CPU.Build.0 = Release|Any CPU
	EndGlobalSection
	GlobalSection(NestedProjects) = preSolution
		{9F1632EF-6920-481E-B12C-B41F42361C5C} = {E62E181F-C6A0-45FD-A219-CFE0A8A33B06}
		{31569E30-2285-4745-8D95-217C2AD508AC} = {E62E181F-C6A0-45FD-A219-CFE0A8A33B06}
		{D7D201D1-8DC3-48F7-8B02-EAA24776BADA} = {E62E181F-C6A0-45FD-A219-CFE0A8A33B06}
		{41D64B2C-63E6-4E50-BE09-773C1CE2A279} = {E62E181F-C6A0-45FD-A219-CFE0A8A33B06}
		{3CE89BDD-6CDA-4D45-959E-33AEA4DADC3C} = {E62E181F-C6A0-45FD-A219-CFE0A8A33B06}
		{8DF30024-8E54-47B7-892C-46F35B2659AA} = {554919E5-47C0-45E6-8002-766C70B33930}
		{CECC6A39-D05F-46CF-84F3-A5BE64A18415} = {E62E181F-C6A0-45FD-A219-CFE0A8A33B06}
		{28339704-F473-401B-B14E-7B26994FACA6} = {E62E181F-C6A0-45FD-A219-CFE0A8A33B06}
		{72C6B6AC-9B77-4258-ABF7-CA2C8D6C119B} = {E62E181F-C6A0-45FD-A219-CFE0A8A33B06}
		{BF372FED-DDBF-448D-AC12-F6D5A0BBA9EF} = {8EC8ACC7-C3F6-4AD3-ABBD-5346B2CE6FD0}
		{81747D78-5DF8-4F32-B9DB-F80136C18B71} = {E62E181F-C6A0-45FD-A219-CFE0A8A33B06}
		{BBF41223-A3B8-4DA1-B596-2FC6D9B6B27E} = {554919E5-47C0-45E6-8002-766C70B33930}
		{8992EBC0-C39D-4DF9-AA48-3ADC345EAA1A} = {E62E181F-C6A0-45FD-A219-CFE0A8A33B06}
		{70DBFF21-BE99-41BF-8BE7-9965638671BD} = {554919E5-47C0-45E6-8002-766C70B33930}
		{6A474261-0D66-41BA-B5A8-9C32BAB178E6} = {8EC8ACC7-C3F6-4AD3-ABBD-5346B2CE6FD0}
		{B14C1F55-03F5-4F5E-93AF-692DFB212BBD} = {E62E181F-C6A0-45FD-A219-CFE0A8A33B06}
		{9DC6D1A2-ABDB-4527-93E2-2CB5E4AC203A} = {8EC8ACC7-C3F6-4AD3-ABBD-5346B2CE6FD0}
		{D0477EFA-E9F4-4476-AFB6-75B83360BF6B} = {E62E181F-C6A0-45FD-A219-CFE0A8A33B06}
		{6B7E8EEF-D204-4670-87EC-CD99CF86E89A} = {8EC8ACC7-C3F6-4AD3-ABBD-5346B2CE6FD0}
		{854693E9-DB22-4040-9CDD-40673F7CF2B4} = {554919E5-47C0-45E6-8002-766C70B33930}
		{49963D5E-E7D1-474E-A00C-4F4F4A1EAE16} = {E62E181F-C6A0-45FD-A219-CFE0A8A33B06}
		{FF52E5DD-E78D-4052-B1FF-B15F0A4C584B} = {E62E181F-C6A0-45FD-A219-CFE0A8A33B06}
		{6CB416B2-85E6-45D1-82BE-205D5272F1C6} = {554919E5-47C0-45E6-8002-766C70B33930}
		{C2A90AAD-EEF9-4B16-8567-5EDF956F83E3} = {E62E181F-C6A0-45FD-A219-CFE0A8A33B06}
		{90054161-DCD1-49D4-82E5-94EAD1C0E8F3} = {8EC8ACC7-C3F6-4AD3-ABBD-5346B2CE6FD0}
		{76A39795-A19E-473F-AEE8-599759397625} = {E62E181F-C6A0-45FD-A219-CFE0A8A33B06}
		{F7160E62-C74E-47EA-BED3-06F2523362FC} = {8EC8ACC7-C3F6-4AD3-ABBD-5346B2CE6FD0}
		{B987E79B-85F8-4317-86FC-853AD3B35E40} = {554919E5-47C0-45E6-8002-766C70B33930}
		{0A473D0C-3328-42A0-9187-CC5DD1140E7D} = {E62E181F-C6A0-45FD-A219-CFE0A8A33B06}
		{B1138943-E367-43FA-AC91-4BDD38F91C1F} = {554919E5-47C0-45E6-8002-766C70B33930}
		{9865E9B8-C73A-45C5-A949-CA1600118F32} = {8EC8ACC7-C3F6-4AD3-ABBD-5346B2CE6FD0}
		{3E3ADB19-B6D3-4D6B-83BB-9AA47CC598D5} = {E62E181F-C6A0-45FD-A219-CFE0A8A33B06}
		{44724D01-F0EF-4DA3-93E4-2E7EEFC9F380} = {554919E5-47C0-45E6-8002-766C70B33930}
		{EB595794-F2DB-4647-AB63-7ADA3455BD9A} = {E62E181F-C6A0-45FD-A219-CFE0A8A33B06}
		{4B601965-44DC-424F-8CD6-D90982A33A19} = {8EC8ACC7-C3F6-4AD3-ABBD-5346B2CE6FD0}
		{F0CF9980-A586-413E-9861-02E3175DDA98} = {554919E5-47C0-45E6-8002-766C70B33930}
		{D9B5C8BA-F2F5-471B-9F1D-14E3D77913C3} = {E62E181F-C6A0-45FD-A219-CFE0A8A33B06}
	EndGlobalSection
EndGlobal
